
Microsoft Visual Studio Solution File, Format Version 12.00
# Visual Studio Version 17
VisualStudioVersion = 17.5.33530.505
MinimumVisualStudioVersion = 10.0.40219.1
Project("{FAE04EC0-301F-11D3-BF4B-00C04F79EFBC}") = "ChessEngine", "ChessEngine.csproj", "{7A1B0D9C-8181-4724-A7E8-342EE2712902}"
EndProject
Global
	GlobalSection(SolutionConfigurationPlatforms) = preSolution
		Debug|Any CPU = Debug|Any CPU
		Release|Any CPU = Release|Any CPU
	EndGlobalSection
	GlobalSection(ProjectConfigurationPlatforms) = postSolution
		{7A1B0D9C-8181-4724-A7E8-342EE2712902}.Debug|Any CPU.ActiveCfg = Debug|Any CPU
		{7A1B0D9C-8181-4724-A7E8-342EE2712902}.Debug|Any CPU.Build.0 = Debug|Any CPU
		{7A1B0D9C-8181-4724-A7E8-342EE2712902}.Release|Any CPU.ActiveCfg = Release|Any CPU
		{7A1B0D9C-8181-4724-A7E8-342EE2712902}.Release|Any CPU.Build.0 = Release|Any CPU
	EndGlobalSection
	GlobalSection(SolutionProperties) = preSolution
		HideSolutionNode = FALSE
	EndGlobalSection
	GlobalSection(ExtensibilityGlobals) = postSolution
		SolutionGuid = {02399144-AC90-41EA-9173-C4BDC5843998}
	EndGlobalSection
EndGlobal
